// !$*UTF8*$!
{
	archiveVersion = 1;
	classes = {
	};
	objectVersion = 50;
	objects = {

/* Begin PBXBuildFile section */
		3397590222A2AB57005C2857 /* AppDelegate.swift in Sources */ = {isa = PBXBuildFile; fileRef = 3397590122A2AB57005C2857 /* AppDelegate.swift */; };
		3397590722A2AB57005C2857 /* Main.storyboard in Resources */ = {isa = PBXBuildFile; fileRef = 3397590522A2AB57005C2857 /* Main.storyboard */; };
		3397590922A2AB59005C2857 /* Assets.xcassets in Resources */ = {isa = PBXBuildFile; fileRef = 3397590822A2AB59005C2857 /* Assets.xcassets */; };
		3397590C22A2AB59005C2857 /* LaunchScreen.storyboard in Resources */ = {isa = PBXBuildFile; fileRef = 3397590A22A2AB59005C2857 /* LaunchScreen.storyboard */; };
		3397591722A2BB25005C2857 /* MainViewController.swift in Sources */ = {isa = PBXBuildFile; fileRef = 3397591622A2BB25005C2857 /* MainViewController.swift */; };
		33BE092122A3DCF800C39D19 /* WeatherDataModel.swift in Sources */ = {isa = PBXBuildFile; fileRef = 33BE092022A3DCF800C39D19 /* WeatherDataModel.swift */; };
		33BE092322A416CA00C39D19 /* MyPageViewController.swift in Sources */ = {isa = PBXBuildFile; fileRef = 33BE092222A416CA00C39D19 /* MyPageViewController.swift */; };
		4D554C1A343B2768BB31B851 /* Pods_Pontar.framework in Frameworks */ = {isa = PBXBuildFile; fileRef = 064DC71A93D174E3F8D4C591 /* Pods_Pontar.framework */; };
/* End PBXBuildFile section */

/* Begin PBXFileReference section */
		064DC71A93D174E3F8D4C591 /* Pods_Pontar.framework */ = {isa = PBXFileReference; explicitFileType = wrapper.framework; includeInIndex = 0; path = Pods_Pontar.framework; sourceTree = BUILT_PRODUCTS_DIR; };
		339758FE22A2AB57005C2857 /* Pontar.app */ = {isa = PBXFileReference; explicitFileType = wrapper.application; includeInIndex = 0; path = Pontar.app; sourceTree = BUILT_PRODUCTS_DIR; };
		3397590122A2AB57005C2857 /* AppDelegate.swift */ = {isa = PBXFileReference; lastKnownFileType = sourcecode.swift; path = AppDelegate.swift; sourceTree = "<group>"; };
		3397590622A2AB57005C2857 /* Base */ = {isa = PBXFileReference; lastKnownFileType = file.storyboard; name = Base; path = Base.lproj/Main.storyboard; sourceTree = "<group>"; };
		3397590822A2AB59005C2857 /* Assets.xcassets */ = {isa = PBXFileReference; lastKnownFileType = folder.assetcatalog; path = Assets.xcassets; sourceTree = "<group>"; };
		3397590B22A2AB59005C2857 /* Base */ = {isa = PBXFileReference; lastKnownFileType = file.storyboard; name = Base; path = Base.lproj/LaunchScreen.storyboard; sourceTree = "<group>"; };
		3397590D22A2AB59005C2857 /* Info.plist */ = {isa = PBXFileReference; lastKnownFileType = text.plist.xml; path = Info.plist; sourceTree = "<group>"; };
		3397591622A2BB25005C2857 /* MainViewController.swift */ = {isa = PBXFileReference; fileEncoding = 4; lastKnownFileType = sourcecode.swift; path = MainViewController.swift; sourceTree = "<group>"; };
		33BE092022A3DCF800C39D19 /* WeatherDataModel.swift */ = {isa = PBXFileReference; lastKnownFileType = sourcecode.swift; path = WeatherDataModel.swift; sourceTree = "<group>"; };
		33BE092222A416CA00C39D19 /* MyPageViewController.swift */ = {isa = PBXFileReference; lastKnownFileType = sourcecode.swift; path = MyPageViewController.swift; sourceTree = "<group>"; };
		684CB9E5BB4350994486E574 /* Pods-Pontar.debug.xcconfig */ = {isa = PBXFileReference; includeInIndex = 1; lastKnownFileType = text.xcconfig; name = "Pods-Pontar.debug.xcconfig"; path = "Target Support Files/Pods-Pontar/Pods-Pontar.debug.xcconfig"; sourceTree = "<group>"; };
		C70295776AEE6EAFFE603B98 /* Pods-Pontar.release.xcconfig */ = {isa = PBXFileReference; includeInIndex = 1; lastKnownFileType = text.xcconfig; name = "Pods-Pontar.release.xcconfig"; path = "Target Support Files/Pods-Pontar/Pods-Pontar.release.xcconfig"; sourceTree = "<group>"; };
/* End PBXFileReference section */

/* Begin PBXFrameworksBuildPhase section */
		339758FB22A2AB57005C2857 /* Frameworks */ = {
			isa = PBXFrameworksBuildPhase;
			buildActionMask = 2147483647;
			files = (
				4D554C1A343B2768BB31B851 /* Pods_Pontar.framework in Frameworks */,
			);
			runOnlyForDeploymentPostprocessing = 0;
		};
/* End PBXFrameworksBuildPhase section */

/* Begin PBXGroup section */
		339758F522A2AB57005C2857 = {
			isa = PBXGroup;
			children = (
				3397590022A2AB57005C2857 /* Pontar */,
				339758FF22A2AB57005C2857 /* Products */,
				3A5A26E4D4CB3E0B54FB7AAB /* Pods */,
				E88ABB7B9FC8C556777DF50F /* Frameworks */,
			);
			sourceTree = "<group>";
		};
		339758FF22A2AB57005C2857 /* Products */ = {
			isa = PBXGroup;
			children = (
				339758FE22A2AB57005C2857 /* Pontar.app */,
			);
			name = Products;
			sourceTree = "<group>";
		};
		3397590022A2AB57005C2857 /* Pontar */ = {
			isa = PBXGroup;
			children = (
				3397590122A2AB57005C2857 /* AppDelegate.swift */,
				3397591622A2BB25005C2857 /* MainViewController.swift */,
				3397590522A2AB57005C2857 /* Main.storyboard */,
				3397590822A2AB59005C2857 /* Assets.xcassets */,
				3397590A22A2AB59005C2857 /* LaunchScreen.storyboard */,
				3397590D22A2AB59005C2857 /* Info.plist */,
				33BE092022A3DCF800C39D19 /* WeatherDataModel.swift */,
				33BE092222A416CA00C39D19 /* MyPageViewController.swift */,
			);
			path = Pontar;
			sourceTree = "<group>";
		};
		3A5A26E4D4CB3E0B54FB7AAB /* Pods */ = {
			isa = PBXGroup;
			children = (
				684CB9E5BB4350994486E574 /* Pods-Pontar.debug.xcconfig */,
				C70295776AEE6EAFFE603B98 /* Pods-Pontar.release.xcconfig */,
			);
			path = Pods;
			sourceTree = "<group>";
		};
		E88ABB7B9FC8C556777DF50F /* Frameworks */ = {
			isa = PBXGroup;
			children = (
				064DC71A93D174E3F8D4C591 /* Pods_Pontar.framework */,
			);
			name = Frameworks;
			sourceTree = "<group>";
		};
/* End PBXGroup section */

/* Begin PBXNativeTarget section */
		339758FD22A2AB57005C2857 /* Pontar */ = {
			isa = PBXNativeTarget;
			buildConfigurationList = 3397591022A2AB59005C2857 /* Build configuration list for PBXNativeTarget "Pontar" */;
			buildPhases = (
				D125C9D7D975D3EE04E67970 /* [CP] Check Pods Manifest.lock */,
				339758FA22A2AB57005C2857 /* Sources */,
				339758FB22A2AB57005C2857 /* Frameworks */,
				339758FC22A2AB57005C2857 /* Resources */,
				A742488D242CE7CC455D37E7 /* [CP] Embed Pods Frameworks */,
			);
			buildRules = (
			);
			dependencies = (
			);
			name = Pontar;
			productName = Pontar;
			productReference = 339758FE22A2AB57005C2857 /* Pontar.app */;
			productType = "com.apple.product-type.application";
		};
/* End PBXNativeTarget section */

/* Begin PBXProject section */
		339758F622A2AB57005C2857 /* Project object */ = {
			isa = PBXProject;
			attributes = {
				LastSwiftUpdateCheck = 1020;
				LastUpgradeCheck = 1020;
				ORGANIZATIONNAME = "Jack Moon";
				TargetAttributes = {
					339758FD22A2AB57005C2857 = {
						CreatedOnToolsVersion = 10.2.1;
					};
				};
			};
			buildConfigurationList = 339758F922A2AB57005C2857 /* Build configuration list for PBXProject "Pontar" */;
			compatibilityVersion = "Xcode 9.3";
			developmentRegion = en;
			hasScannedForEncodings = 0;
			knownRegions = (
				en,
				Base,
			);
			mainGroup = 339758F522A2AB57005C2857;
			productRefGroup = 339758FF22A2AB57005C2857 /* Products */;
			projectDirPath = "";
			projectRoot = "";
			targets = (
				339758FD22A2AB57005C2857 /* Pontar */,
			);
		};
/* End PBXProject section */

/* Begin PBXResourcesBuildPhase section */
		339758FC22A2AB57005C2857 /* Resources */ = {
			isa = PBXResourcesBuildPhase;
			buildActionMask = 2147483647;
			files = (
				3397590C22A2AB59005C2857 /* LaunchScreen.storyboard in Resources */,
				3397590922A2AB59005C2857 /* Assets.xcassets in Resources */,
				3397590722A2AB57005C2857 /* Main.storyboard in Resources */,
			);
			runOnlyForDeploymentPostprocessing = 0;
		};
/* End PBXResourcesBuildPhase section */

/* Begin PBXShellScriptBuildPhase section */
		A742488D242CE7CC455D37E7 /* [CP] Embed Pods Frameworks */ = {
			isa = PBXShellScriptBuildPhase;
			buildActionMask = 2147483647;
			files = (
			);
			inputFileListPaths = (
			);
			inputPaths = (
				"${PODS_ROOT}/Target Support Files/Pods-Pontar/Pods-Pontar-frameworks.sh",
				"${BUILT_PRODUCTS_DIR}/Alamofire/Alamofire.framework",
				"${BUILT_PRODUCTS_DIR}/ChameleonFramework/ChameleonFramework.framework",
				"${BUILT_PRODUCTS_DIR}/GTMSessionFetcher/GTMSessionFetcher.framework",
				"${BUILT_PRODUCTS_DIR}/GoogleUtilities/GoogleUtilities.framework",
				"${BUILT_PRODUCTS_DIR}/SVProgressHUD/SVProgressHUD.framework",
				"${BUILT_PRODUCTS_DIR}/SwiftyJSON/SwiftyJSON.framework",
				"${BUILT_PRODUCTS_DIR}/leveldb-library/leveldb.framework",
				"${BUILT_PRODUCTS_DIR}/nanopb/nanopb.framework",
			);
			name = "[CP] Embed Pods Frameworks";
			outputFileListPaths = (
			);
			outputPaths = (
				"${TARGET_BUILD_DIR}/${FRAMEWORKS_FOLDER_PATH}/Alamofire.framework",
				"${TARGET_BUILD_DIR}/${FRAMEWORKS_FOLDER_PATH}/ChameleonFramework.framework",
				"${TARGET_BUILD_DIR}/${FRAMEWORKS_FOLDER_PATH}/GTMSessionFetcher.framework",
				"${TARGET_BUILD_DIR}/${FRAMEWORKS_FOLDER_PATH}/GoogleUtilities.framework",
				"${TARGET_BUILD_DIR}/${FRAMEWORKS_FOLDER_PATH}/SVProgressHUD.framework",
				"${TARGET_BUILD_DIR}/${FRAMEWORKS_FOLDER_PATH}/SwiftyJSON.framework",
				"${TARGET_BUILD_DIR}/${FRAMEWORKS_FOLDER_PATH}/leveldb.framework",
				"${TARGET_BUILD_DIR}/${FRAMEWORKS_FOLDER_PATH}/nanopb.framework",
			);
			runOnlyForDeploymentPostprocessing = 0;
			shellPath = /bin/sh;
			shellScript = "\"${PODS_ROOT}/Target Support Files/Pods-Pontar/Pods-Pontar-frameworks.sh\"\n";
			showEnvVarsInLog = 0;
		};
		D125C9D7D975D3EE04E67970 /* [CP] Check Pods Manifest.lock */ = {
			isa = PBXShellScriptBuildPhase;
			buildActionMask = 2147483647;
			files = (
			);
			inputFileListPaths = (
			);
			inputPaths = (
				"${PODS_PODFILE_DIR_PATH}/Podfile.lock",
				"${PODS_ROOT}/Manifest.lock",
			);
			name = "[CP] Check Pods Manifest.lock";
			outputFileListPaths = (
			);
			outputPaths = (
				"$(DERIVED_FILE_DIR)/Pods-Pontar-checkManifestLockResult.txt",
			);
			runOnlyForDeploymentPostprocessing = 0;
			shellPath = /bin/sh;
			shellScript = "diff \"${PODS_PODFILE_DIR_PATH}/Podfile.lock\" \"${PODS_ROOT}/Manifest.lock\" > /dev/null\nif [ $? != 0 ] ; then\n    # print error to STDERR\n    echo \"error: The sandbox is not in sync with the Podfile.lock. Run 'pod install' or update your CocoaPods installation.\" >&2\n    exit 1\nfi\n# This output is used by Xcode 'outputs' to avoid re-running this script phase.\necho \"SUCCESS\" > \"${SCRIPT_OUTPUT_FILE_0}\"\n";
			showEnvVarsInLog = 0;
		};
/* End PBXShellScriptBuildPhase section */

/* Begin PBXSourcesBuildPhase section */
		339758FA22A2AB57005C2857 /* Sources */ = {
			isa = PBXSourcesBuildPhase;
			buildActionMask = 2147483647;
			files = (
				3397590222A2AB57005C2857 /* AppDelegate.swift in Sources */,
				3397591722A2BB25005C2857 /* MainViewController.swift in Sources */,
				33BE092122A3DCF800C39D19 /* WeatherDataModel.swift in Sources */,
				33BE092322A416CA00C39D19 /* MyPageViewController.swift in Sources */,
			);
			runOnlyForDeploymentPostprocessing = 0;
		};
/* End PBXSourcesBuildPhase section */

/* Begin PBXVariantGroup section */
		3397590522A2AB57005C2857 /* Main.storyboard */ = {
			isa = PBXVariantGroup;
			children = (
				3397590622A2AB57005C2857 /* Base */,
			);
			name = Main.storyboard;
			sourceTree = "<group>";
		};
		3397590A22A2AB59005C2857 /* LaunchScreen.storyboard */ = {
			isa = PBXVariantGroup;
			children = (
				3397590B22A2AB59005C2857 /* Base */,
			);
			name = LaunchScreen.storyboard;
			sourceTree = "<group>";
		};
/* End PBXVariantGroup section */

/* Begin XCBuildConfiguration section */
		3397590E22A2AB59005C2857 /* Debug */ = {
			isa = XCBuildConfiguration;
			buildSettings = {
				ALWAYS_SEARCH_USER_PATHS = NO;
				CLANG_ANALYZER_NONNULL = YES;
				CLANG_ANALYZER_NUMBER_OBJECT_CONVERSION = YES_AGGRESSIVE;
				CLANG_CXX_LANGUAGE_STANDARD = "gnu++14";
				CLANG_CXX_LIBRARY = "libc++";
				CLANG_ENABLE_MODULES = YES;
				CLANG_ENABLE_OBJC_ARC = YES;
				CLANG_ENABLE_OBJC_WEAK = YES;
				CLANG_WARN_BLOCK_CAPTURE_AUTORELEASING = YES;
				CLANG_WARN_BOOL_CONVERSION = YES;
				CLANG_WARN_COMMA = YES;
				CLANG_WARN_CONSTANT_CONVERSION = YES;
				CLANG_WARN_DEPRECATED_OBJC_IMPLEMENTATIONS = YES;
				CLANG_WARN_DIRECT_OBJC_ISA_USAGE = YES_ERROR;
				CLANG_WARN_DOCUMENTATION_COMMENTS = YES;
				CLANG_WARN_EMPTY_BODY = YES;
				CLANG_WARN_ENUM_CONVERSION = YES;
				CLANG_WARN_INFINITE_RECURSION = YES;
				CLANG_WARN_INT_CONVERSION = YES;
				CLANG_WARN_NON_LITERAL_NULL_CONVERSION = YES;
				CLANG_WARN_OBJC_IMPLICIT_RETAIN_SELF = YES;
				CLANG_WARN_OBJC_LITERAL_CONVERSION = YES;
				CLANG_WARN_OBJC_ROOT_CLASS = YES_ERROR;
				CLANG_WARN_RANGE_LOOP_ANALYSIS = YES;
				CLANG_WARN_STRICT_PROTOTYPES = YES;
				CLANG_WARN_SUSPICIOUS_MOVE = YES;
				CLANG_WARN_UNGUARDED_AVAILABILITY = YES_AGGRESSIVE;
				CLANG_WARN_UNREACHABLE_CODE = YES;
				CLANG_WARN__DUPLICATE_METHOD_MATCH = YES;
				CODE_SIGN_IDENTITY = "iPhone Developer";
				COPY_PHASE_STRIP = NO;
				DEBUG_INFORMATION_FORMAT = dwarf;
				ENABLE_STRICT_OBJC_MSGSEND = YES;
				ENABLE_TESTABILITY = YES;
				GCC_C_LANGUAGE_STANDARD = gnu11;
				GCC_DYNAMIC_NO_PIC = NO;
				GCC_NO_COMMON_BLOCKS = YES;
				GCC_OPTIMIZATION_LEVEL = 0;
				GCC_PREPROCESSOR_DEFINITIONS = (
					"DEBUG=1",
					"$(inherited)",
				);
				GCC_WARN_64_TO_32_BIT_CONVERSION = YES;
				GCC_WARN_ABOUT_RETURN_TYPE = YES_ERROR;
				GCC_WARN_UNDECLARED_SELECTOR = YES;
				GCC_WARN_UNINITIALIZED_AUTOS = YES_AGGRESSIVE;
				GCC_WARN_UNUSED_FUNCTION = YES;
				GCC_WARN_UNUSED_VARIABLE = YES;
				IPHONEOS_DEPLOYMENT_TARGET = 12.2;
				MTL_ENABLE_DEBUG_INFO = INCLUDE_SOURCE;
				MTL_FAST_MATH = YES;
				ONLY_ACTIVE_ARCH = YES;
				SDKROOT = iphoneos;
				SWIFT_ACTIVE_COMPILATION_CONDITIONS = DEBUG;
				SWIFT_OPTIMIZATION_LEVEL = "-Onone";
			};
			name = Debug;
		};
		3397590F22A2AB59005C2857 /* Release */ = {
			isa = XCBuildConfiguration;
			buildSettings = {
				ALWAYS_SEARCH_USER_PATHS = NO;
				CLANG_ANALYZER_NONNULL = YES;
				CLANG_ANALYZER_NUMBER_OBJECT_CONVERSION = YES_AGGRESSIVE;
				CLANG_CXX_LANGUAGE_STANDARD = "gnu++14";
				CLANG_CXX_LIBRARY = "libc++";
				CLANG_ENABLE_MODULES = YES;
				CLANG_ENABLE_OBJC_ARC = YES;
				CLANG_ENABLE_OBJC_WEAK = YES;
				CLANG_WARN_BLOCK_CAPTURE_AUTORELEASING = YES;
				CLANG_WARN_BOOL_CONVERSION = YES;
				CLANG_WARN_COMMA = YES;
				CLANG_WARN_CONSTANT_CONVERSION = YES;
				CLANG_WARN_DEPRECATED_OBJC_IMPLEMENTATIONS = YES;
				CLANG_WARN_DIRECT_OBJC_ISA_USAGE = YES_ERROR;
				CLANG_WARN_DOCUMENTATION_COMMENTS = YES;
				CLANG_WARN_EMPTY_BODY = YES;
				CLANG_WARN_ENUM_CONVERSION = YES;
				CLANG_WARN_INFINITE_RECURSION = YES;
				CLANG_WARN_INT_CONVERSION = YES;
				CLANG_WARN_NON_LITERAL_NULL_CONVERSION = YES;
				CLANG_WARN_OBJC_IMPLICIT_RETAIN_SELF = YES;
				CLANG_WARN_OBJC_LITERAL_CONVERSION = YES;
				CLANG_WARN_OBJC_ROOT_CLASS = YES_ERROR;
				CLANG_WARN_RANGE_LOOP_ANALYSIS = YES;
				CLANG_WARN_STRICT_PROTOTYPES = YES;
				CLANG_WARN_SUSPICIOUS_MOVE = YES;
				CLANG_WARN_UNGUARDED_AVAILABILITY = YES_AGGRESSIVE;
				CLANG_WARN_UNREACHABLE_CODE = YES;
				CLANG_WARN__DUPLICATE_METHOD_MATCH = YES;
				CODE_SIGN_IDENTITY = "iPhone Developer";
				COPY_PHASE_STRIP = NO;
				DEBUG_INFORMATION_FORMAT = "dwarf-with-dsym";
				ENABLE_NS_ASSERTIONS = NO;
				ENABLE_STRICT_OBJC_MSGSEND = YES;
				GCC_C_LANGUAGE_STANDARD = gnu11;
				GCC_NO_COMMON_BLOCKS = YES;
				GCC_WARN_64_TO_32_BIT_CONVERSION = YES;
				GCC_WARN_ABOUT_RETURN_TYPE = YES_ERROR;
				GCC_WARN_UNDECLARED_SELECTOR = YES;
				GCC_WARN_UNINITIALIZED_AUTOS = YES_AGGRESSIVE;
				GCC_WARN_UNUSED_FUNCTION = YES;
				GCC_WARN_UNUSED_VARIABLE = YES;
				IPHONEOS_DEPLOYMENT_TARGET = 12.2;
				MTL_ENABLE_DEBUG_INFO = NO;
				MTL_FAST_MATH = YES;
				SDKROOT = iphoneos;
				SWIFT_COMPILATION_MODE = wholemodule;
				SWIFT_OPTIMIZATION_LEVEL = "-O";
				VALIDATE_PRODUCT = YES;
			};
			name = Release;
		};
		3397591122A2AB59005C2857 /* Debug */ = {
			isa = XCBuildConfiguration;
			baseConfigurationReference = 684CB9E5BB4350994486E574 /* Pods-Pontar.debug.xcconfig */;
			buildSettings = {
				ASSETCATALOG_COMPILER_APPICON_NAME = AppIcon;
				CODE_SIGN_STYLE = Automatic;
				DEVELOPMENT_TEAM = BV9V92U88F;
				INFOPLIST_FILE = Pontar/Info.plist;
				LD_RUNPATH_SEARCH_PATHS = (
					"$(inherited)",
					"@executable_path/Frameworks",
				);
				PRODUCT_BUNDLE_IDENTIFIER = com.jackmoon24h.Pontar;
				PRODUCT_NAME = "$(TARGET_NAME)";
				SWIFT_VERSION = 5.0;
				TARGETED_DEVICE_FAMILY = "1,2";
			};
			name = Debug;
		};
		3397591222A2AB59005C2857 /* Release */ = {
			isa = XCBuildConfiguration;
			baseConfigurationReference = C70295776AEE6EAFFE603B98 /* Pods-Pontar.release.xcconfig */;
			buildSettings = {
				ASSETCATALOG_COMPILER_APPICON_NAME = AppIcon;
				CODE_SIGN_STYLE = Automatic;
				DEVELOPMENT_TEAM = BV9V92U88F;
				INFOPLIST_FILE = Pontar/Info.plist;
				LD_RUNPATH_SEARCH_PATHS = (
					"$(inherited)",
					"@executable_path/Frameworks",
				);
				PRODUCT_BUNDLE_IDENTIFIER = com.jackmoon24h.Pontar;
				PRODUCT_NAME = "$(TARGET_NAME)";
				SWIFT_VERSION = 5.0;
				TARGETED_DEVICE_FAMILY = "1,2";
			};
			name = Release;
		};
/* End XCBuildConfiguration section */

/* Begin XCConfigurationList section */
		339758F922A2AB57005C2857 /* Build configuration list for PBXProject "Pontar" */ = {
			isa = XCConfigurationList;
			buildConfigurations = (
				3397590E22A2AB59005C2857 /* Debug */,
				3397590F22A2AB59005C2857 /* Release */,
			);
			defaultConfigurationIsVisible = 0;
			defaultConfigurationName = Release;
		};
		3397591022A2AB59005C2857 /* Build configuration list for PBXNativeTarget "Pontar" */ = {
			isa = XCConfigurationList;
			buildConfigurations = (
				3397591122A2AB59005C2857 /* Debug */,
				3397591222A2AB59005C2857 /* Release */,
			);
			defaultConfigurationIsVisible = 0;
			defaultConfigurationName = Release;
		};
/* End XCConfigurationList section */
	};
	rootObject = 339758F622A2AB57005C2857 /* Project object */;
}
